
Microsoft Visual Studio Solution File, Format Version 12.00
# Visual Studio Version 17
VisualStudioVersion = 17.8.34322.80
MinimumVisualStudioVersion = 10.0.40219.1
Project("{FAE04EC0-301F-11D3-BF4B-00C04F79EFBC}") = "DuvRaz", "DuvRaz\DuvRaz.csproj", "{94E435EE-B827-457C-B818-8BE7E26F0697}"
EndProject
Global
	GlobalSection(SolutionConfigurationPlatforms) = preSolution
		Debug|Any CPU = Debug|Any CPU
		Release|Any CPU = Release|Any CPU
	EndGlobalSection
	GlobalSection(ProjectConfigurationPlatforms) = postSolution
		{94E435EE-B827-457C-B818-8BE7E26F0697}.Debug|Any CPU.ActiveCfg = Debug|Any CPU
		{94E435EE-B827-457C-B818-8BE7E26F0697}.Debug|Any CPU.Build.0 = Debug|Any CPU
		{94E435EE-B827-457C-B818-8BE7E26F0697}.Release|Any CPU.ActiveCfg = Release|Any CPU
		{94E435EE-B827-457C-B818-8BE7E26F0697}.Release|Any CPU.Build.0 = Release|Any CPU
	EndGlobalSection
	GlobalSection(SolutionProperties) = preSolution
		HideSolutionNode = FALSE
	EndGlobalSection
	GlobalSection(ExtensibilityGlobals) = postSolution
		SolutionGuid = {B0E9C015-75C9-45CF-87D5-3F2291A2406A}
	EndGlobalSection
EndGlobal
